
Microsoft Visual Studio Solution File, Format Version 12.00
# Visual Studio Version 16
VisualStudioVersion = 16.0.31424.327
MinimumVisualStudioVersion = 10.0.40219.1
Project("{FAE04EC0-301F-11D3-BF4B-00C04F79EFBC}") = "CalculatorMVC", "CalculatorMVC.csproj", "{BED7BD93-558D-4530-AFB4-F068A85C3D18}"
EndProject
Global
	GlobalSection(SolutionConfigurationPlatforms) = preSolution
		Debug|Any CPU = Debug|Any CPU
		Release|Any CPU = Release|Any CPU
	EndGlobalSection
	GlobalSection(ProjectConfigurationPlatforms) = postSolution
		{BED7BD93-558D-4530-AFB4-F068A85C3D18}.Debug|Any CPU.ActiveCfg = Debug|Any CPU
		{BED7BD93-558D-4530-AFB4-F068A85C3D18}.Debug|Any CPU.Build.0 = Debug|Any CPU
		{BED7BD93-558D-4530-AFB4-F068A85C3D18}.Release|Any CPU.ActiveCfg = Release|Any CPU
		{BED7BD93-558D-4530-AFB4-F068A85C3D18}.Release|Any CPU.Build.0 = Release|Any CPU
	EndGlobalSection
	GlobalSection(SolutionProperties) = preSolution
		HideSolutionNode = FALSE
	EndGlobalSection
	GlobalSection(ExtensibilityGlobals) = postSolution
		SolutionGuid = {04108C67-AD62-4DE2-93E4-700189F3C42A}
	EndGlobalSection
EndGlobal
