
Microsoft Visual Studio Solution File, Format Version 12.00
# Visual Studio Version 16
VisualStudioVersion = 16.0.31424.327
MinimumVisualStudioVersion = 10.0.40219.1
Project("{FAE04EC0-301F-11D3-BF4B-00C04F79EFBC}") = "TableCreation", "TableCreation\TableCreation.csproj", "{70BEFB24-08F2-4E8A-A26D-50BF0B65EF94}"
EndProject
Global
	GlobalSection(SolutionConfigurationPlatforms) = preSolution
		Debug|Any CPU = Debug|Any CPU
		Release|Any CPU = Release|Any CPU
	EndGlobalSection
	GlobalSection(ProjectConfigurationPlatforms) = postSolution
		{70BEFB24-08F2-4E8A-A26D-50BF0B65EF94}.Debug|Any CPU.ActiveCfg = Debug|Any CPU
		{70BEFB24-08F2-4E8A-A26D-50BF0B65EF94}.Debug|Any CPU.Build.0 = Debug|Any CPU
		{70BEFB24-08F2-4E8A-A26D-50BF0B65EF94}.Release|Any CPU.ActiveCfg = Release|Any CPU
		{70BEFB24-08F2-4E8A-A26D-50BF0B65EF94}.Release|Any CPU.Build.0 = Release|Any CPU
	EndGlobalSection
	GlobalSection(SolutionProperties) = preSolution
		HideSolutionNode = FALSE
	EndGlobalSection
	GlobalSection(ExtensibilityGlobals) = postSolution
		SolutionGuid = {66AC8932-9C5B-42D6-A562-FDBDDCF6EEE0}
	EndGlobalSection
EndGlobal
