
Microsoft Visual Studio Solution File, Format Version 12.00
# Visual Studio Version 16
VisualStudioVersion = 16.0.31424.327
MinimumVisualStudioVersion = 10.0.40219.1
Project("{FAE04EC0-301F-11D3-BF4B-00C04F79EFBC}") = "MVCDatabase", "MVCDatabase.csproj", "{45ACD8E5-0918-45C9-85E6-FCDA71A4E39D}"
EndProject
Global
	GlobalSection(SolutionConfigurationPlatforms) = preSolution
		Debug|Any CPU = Debug|Any CPU
		Release|Any CPU = Release|Any CPU
	EndGlobalSection
	GlobalSection(ProjectConfigurationPlatforms) = postSolution
		{45ACD8E5-0918-45C9-85E6-FCDA71A4E39D}.Debug|Any CPU.ActiveCfg = Debug|Any CPU
		{45ACD8E5-0918-45C9-85E6-FCDA71A4E39D}.Debug|Any CPU.Build.0 = Debug|Any CPU
		{45ACD8E5-0918-45C9-85E6-FCDA71A4E39D}.Release|Any CPU.ActiveCfg = Release|Any CPU
		{45ACD8E5-0918-45C9-85E6-FCDA71A4E39D}.Release|Any CPU.Build.0 = Release|Any CPU
	EndGlobalSection
	GlobalSection(SolutionProperties) = preSolution
		HideSolutionNode = FALSE
	EndGlobalSection
	GlobalSection(ExtensibilityGlobals) = postSolution
		SolutionGuid = {EBF09E30-F2D9-4E75-96AF-42E5C9CA535B}
	EndGlobalSection
EndGlobal
